
Microsoft Visual Studio Solution File, Format Version 12.00
# Visual Studio Version 16
VisualStudioVersion = 16.0.29020.237
MinimumVisualStudioVersion = 10.0.40219.1
Project("{2150E333-8FDC-42A3-9474-1A3956D46DE8}") = "src", "src", "{CA9AC87F-097E-4F15-8393-4BC07735A5B0}"
EndProject
Project("{2150E333-8FDC-42A3-9474-1A3956D46DE8}") = "console", "console", "{8E6C4177-9F46-4C2A-B1E1-0079437B95D4}"
EndProject
Project("{9A19103F-16F7-4668-BE54-9A1E7A4F7556}") = "AGV.Laundry.Application", "src\AGV.Laundry.Application\AGV.Laundry.Application.csproj", "{C1A4495F-99A6-425B-ABEA-D0E3DC3BA6F8}"
EndProject
Project("{9A19103F-16F7-4668-BE54-9A1E7A4F7556}") = "AGV.Laundry.Application.Contracts", "src\AGV.Laundry.Application.Contracts\AGV.Laundry.Application.Contracts.csproj", "{9345055F-3BBF-4576-B66E-CD214F2BA3AE}"
EndProject
Project("{9A19103F-16F7-4668-BE54-9A1E7A4F7556}") = "AGV.Laundry.DbMigrator", "src\AGV.Laundry.DbMigrator\AGV.Laundry.DbMigrator.csproj", "{9C3BBCAB-F88A-4F72-84D9-165C8D590CFD}"
EndProject
Project("{9A19103F-16F7-4668-BE54-9A1E7A4F7556}") = "AGV.Laundry.Domain", "src\AGV.Laundry.Domain\AGV.Laundry.Domain.csproj", "{F228C7C9-09C5-4CF6-AD85-0CA9EB859541}"
EndProject
Project("{9A19103F-16F7-4668-BE54-9A1E7A4F7556}") = "AGV.Laundry.Domain.Shared", "src\AGV.Laundry.Domain.Shared\AGV.Laundry.Domain.Shared.csproj", "{A6F52238-B786-4D41-B450-2E7395C1ED0A}"
EndProject
Project("{9A19103F-16F7-4668-BE54-9A1E7A4F7556}") = "AGV.Laundry.HttpApi", "src\AGV.Laundry.HttpApi\AGV.Laundry.HttpApi.csproj", "{633A15AA-B820-4587-B62A-6EBFC86F921F}"
EndProject
Project("{9A19103F-16F7-4668-BE54-9A1E7A4F7556}") = "AGV.Laundry.HttpApi.Client", "src\AGV.Laundry.HttpApi.Client\AGV.Laundry.HttpApi.Client.csproj", "{BB7364E5-5183-4364-AE50-AB5E74587C64}"
EndProject
Project("{9A19103F-16F7-4668-BE54-9A1E7A4F7556}") = "AGV.Laundry.HttpApi.Host", "src\AGV.Laundry.HttpApi.Host\AGV.Laundry.HttpApi.Host.csproj", "{CDD08417-CE7E-4BE6-A1B7-D5997C31D0D4}"
EndProject
Project("{9A19103F-16F7-4668-BE54-9A1E7A4F7556}") = "AGV.Laundry.MongoDB", "src\AGV.Laundry.MongoDB\AGV.Laundry.MongoDB.csproj", "{C88F6872-6384-4E0F-9CF6-8EA2F20B057E}"
EndProject
Project("{9A19103F-16F7-4668-BE54-9A1E7A4F7556}") = "AGV.Laundry.TagLocation", "src\AGV.Laundry.TagLocation\AGV.Laundry.TagLocation.csproj", "{9730CE9E-FFEA-4982-BEE3-F80BD2A27740}"
EndProject
Project("{9A19103F-16F7-4668-BE54-9A1E7A4F7556}") = "AGV.Laundry.MqClient", "src\AGV.Laundry.MqClient\AGV.Laundry.MqClient.csproj", "{C3899B88-ECD1-4228-A376-9D1564A0E8A4}"
EndProject
Project("{9A19103F-16F7-4668-BE54-9A1E7A4F7556}") = "AGV.Laundry.TagLocation.HttpClient", "src\AGV.Laundry.TagLocation.HttpClient\AGV.Laundry.TagLocation.HttpClient.csproj", "{925162A3-5E32-4ACD-8B0D-796772F9DC74}"
EndProject
Project("{9A19103F-16F7-4668-BE54-9A1E7A4F7556}") = "AGV.Laundry.TagLocation.Consolidator", "src\AGV.Laundry.TagLocation.Consolidator\AGV.Laundry.TagLocation.Consolidator.csproj", "{072CB3D4-3FF3-446B-93E4-11BB3F13E9ED}"
EndProject
Global
	GlobalSection(SolutionConfigurationPlatforms) = preSolution
		Debug|Any CPU = Debug|Any CPU
		Release|Any CPU = Release|Any CPU
	EndGlobalSection
	GlobalSection(ProjectConfigurationPlatforms) = postSolution
		{C1A4495F-99A6-425B-ABEA-D0E3DC3BA6F8}.Debug|Any CPU.ActiveCfg = Debug|Any CPU
		{C1A4495F-99A6-425B-ABEA-D0E3DC3BA6F8}.Debug|Any CPU.Build.0 = Debug|Any CPU
		{C1A4495F-99A6-425B-ABEA-D0E3DC3BA6F8}.Release|Any CPU.ActiveCfg = Release|Any CPU
		{C1A4495F-99A6-425B-ABEA-D0E3DC3BA6F8}.Release|Any CPU.Build.0 = Release|Any CPU
		{9345055F-3BBF-4576-B66E-CD214F2BA3AE}.Debug|Any CPU.ActiveCfg = Debug|Any CPU
		{9345055F-3BBF-4576-B66E-CD214F2BA3AE}.Debug|Any CPU.Build.0 = Debug|Any CPU
		{9345055F-3BBF-4576-B66E-CD214F2BA3AE}.Release|Any CPU.ActiveCfg = Release|Any CPU
		{9345055F-3BBF-4576-B66E-CD214F2BA3AE}.Release|Any CPU.Build.0 = Release|Any CPU
		{9C3BBCAB-F88A-4F72-84D9-165C8D590CFD}.Debug|Any CPU.ActiveCfg = Debug|Any CPU
		{9C3BBCAB-F88A-4F72-84D9-165C8D590CFD}.Debug|Any CPU.Build.0 = Debug|Any CPU
		{9C3BBCAB-F88A-4F72-84D9-165C8D590CFD}.Release|Any CPU.ActiveCfg = Release|Any CPU
		{9C3BBCAB-F88A-4F72-84D9-165C8D590CFD}.Release|Any CPU.Build.0 = Release|Any CPU
		{F228C7C9-09C5-4CF6-AD85-0CA9EB859541}.Debug|Any CPU.ActiveCfg = Debug|Any CPU
		{F228C7C9-09C5-4CF6-AD85-0CA9EB859541}.Debug|Any CPU.Build.0 = Debug|Any CPU
		{F228C7C9-09C5-4CF6-AD85-0CA9EB859541}.Release|Any CPU.ActiveCfg = Release|Any CPU
		{F228C7C9-09C5-4CF6-AD85-0CA9EB859541}.Release|Any CPU.Build.0 = Release|Any CPU
		{A6F52238-B786-4D41-B450-2E7395C1ED0A}.Debug|Any CPU.ActiveCfg = Debug|Any CPU
		{A6F52238-B786-4D41-B450-2E7395C1ED0A}.Debug|Any CPU.Build.0 = Debug|Any CPU
		{A6F52238-B786-4D41-B450-2E7395C1ED0A}.Release|Any CPU.ActiveCfg = Release|Any CPU
		{A6F52238-B786-4D41-B450-2E7395C1ED0A}.Release|Any CPU.Build.0 = Release|Any CPU
		{633A15AA-B820-4587-B62A-6EBFC86F921F}.Debug|Any CPU.ActiveCfg = Debug|Any CPU
		{633A15AA-B820-4587-B62A-6EBFC86F921F}.Debug|Any CPU.Build.0 = Debug|Any CPU
		{633A15AA-B820-4587-B62A-6EBFC86F921F}.Release|Any CPU.ActiveCfg = Release|Any CPU
		{633A15AA-B820-4587-B62A-6EBFC86F921F}.Release|Any CPU.Build.0 = Release|Any CPU
		{BB7364E5-5183-4364-AE50-AB5E74587C64}.Debug|Any CPU.ActiveCfg = Debug|Any CPU
		{BB7364E5-5183-4364-AE50-AB5E74587C64}.Debug|Any CPU.Build.0 = Debug|Any CPU
		{BB7364E5-5183-4364-AE50-AB5E74587C64}.Release|Any CPU.ActiveCfg = Release|Any CPU
		{BB7364E5-5183-4364-AE50-AB5E74587C64}.Release|Any CPU.Build.0 = Release|Any CPU
		{CDD08417-CE7E-4BE6-A1B7-D5997C31D0D4}.Debug|Any CPU.ActiveCfg = Debug|Any CPU
		{CDD08417-CE7E-4BE6-A1B7-D5997C31D0D4}.Debug|Any CPU.Build.0 = Debug|Any CPU
		{CDD08417-CE7E-4BE6-A1B7-D5997C31D0D4}.Release|Any CPU.ActiveCfg = Release|Any CPU
		{CDD08417-CE7E-4BE6-A1B7-D5997C31D0D4}.Release|Any CPU.Build.0 = Release|Any CPU
		{C88F6872-6384-4E0F-9CF6-8EA2F20B057E}.Debug|Any CPU.ActiveCfg = Debug|Any CPU
		{C88F6872-6384-4E0F-9CF6-8EA2F20B057E}.Debug|Any CPU.Build.0 = Debug|Any CPU
		{C88F6872-6384-4E0F-9CF6-8EA2F20B057E}.Release|Any CPU.ActiveCfg = Release|Any CPU
		{C88F6872-6384-4E0F-9CF6-8EA2F20B057E}.Release|Any CPU.Build.0 = Release|Any CPU
		{9730CE9E-FFEA-4982-BEE3-F80BD2A27740}.Debug|Any CPU.ActiveCfg = Debug|Any CPU
		{9730CE9E-FFEA-4982-BEE3-F80BD2A27740}.Debug|Any CPU.Build.0 = Debug|Any CPU
		{9730CE9E-FFEA-4982-BEE3-F80BD2A27740}.Release|Any CPU.ActiveCfg = Release|Any CPU
		{9730CE9E-FFEA-4982-BEE3-F80BD2A27740}.Release|Any CPU.Build.0 = Release|Any CPU
		{C3899B88-ECD1-4228-A376-9D1564A0E8A4}.Debug|Any CPU.ActiveCfg = Debug|Any CPU
		{C3899B88-ECD1-4228-A376-9D1564A0E8A4}.Debug|Any CPU.Build.0 = Debug|Any CPU
		{C3899B88-ECD1-4228-A376-9D1564A0E8A4}.Release|Any CPU.ActiveCfg = Release|Any CPU
		{C3899B88-ECD1-4228-A376-9D1564A0E8A4}.Release|Any CPU.Build.0 = Release|Any CPU
		{925162A3-5E32-4ACD-8B0D-796772F9DC74}.Debug|Any CPU.ActiveCfg = Debug|Any CPU
		{925162A3-5E32-4ACD-8B0D-796772F9DC74}.Debug|Any CPU.Build.0 = Debug|Any CPU
		{925162A3-5E32-4ACD-8B0D-796772F9DC74}.Release|Any CPU.ActiveCfg = Release|Any CPU
		{925162A3-5E32-4ACD-8B0D-796772F9DC74}.Release|Any CPU.Build.0 = Release|Any CPU
		{072CB3D4-3FF3-446B-93E4-11BB3F13E9ED}.Debug|Any CPU.ActiveCfg = Debug|Any CPU
		{072CB3D4-3FF3-446B-93E4-11BB3F13E9ED}.Debug|Any CPU.Build.0 = Debug|Any CPU
		{072CB3D4-3FF3-446B-93E4-11BB3F13E9ED}.Release|Any CPU.ActiveCfg = Release|Any CPU
		{072CB3D4-3FF3-446B-93E4-11BB3F13E9ED}.Release|Any CPU.Build.0 = Release|Any CPU
	EndGlobalSection
	GlobalSection(SolutionProperties) = preSolution
		HideSolutionNode = FALSE
	EndGlobalSection
	GlobalSection(NestedProjects) = preSolution
		{C1A4495F-99A6-425B-ABEA-D0E3DC3BA6F8} = {CA9AC87F-097E-4F15-8393-4BC07735A5B0}
		{9345055F-3BBF-4576-B66E-CD214F2BA3AE} = {CA9AC87F-097E-4F15-8393-4BC07735A5B0}
		{9C3BBCAB-F88A-4F72-84D9-165C8D590CFD} = {CA9AC87F-097E-4F15-8393-4BC07735A5B0}
		{F228C7C9-09C5-4CF6-AD85-0CA9EB859541} = {CA9AC87F-097E-4F15-8393-4BC07735A5B0}
		{A6F52238-B786-4D41-B450-2E7395C1ED0A} = {CA9AC87F-097E-4F15-8393-4BC07735A5B0}
		{633A15AA-B820-4587-B62A-6EBFC86F921F} = {CA9AC87F-097E-4F15-8393-4BC07735A5B0}
		{BB7364E5-5183-4364-AE50-AB5E74587C64} = {CA9AC87F-097E-4F15-8393-4BC07735A5B0}
		{CDD08417-CE7E-4BE6-A1B7-D5997C31D0D4} = {CA9AC87F-097E-4F15-8393-4BC07735A5B0}
		{C88F6872-6384-4E0F-9CF6-8EA2F20B057E} = {CA9AC87F-097E-4F15-8393-4BC07735A5B0}
		{9730CE9E-FFEA-4982-BEE3-F80BD2A27740} = {8E6C4177-9F46-4C2A-B1E1-0079437B95D4}
		{C3899B88-ECD1-4228-A376-9D1564A0E8A4} = {8E6C4177-9F46-4C2A-B1E1-0079437B95D4}
		{925162A3-5E32-4ACD-8B0D-796772F9DC74} = {8E6C4177-9F46-4C2A-B1E1-0079437B95D4}
		{072CB3D4-3FF3-446B-93E4-11BB3F13E9ED} = {8E6C4177-9F46-4C2A-B1E1-0079437B95D4}
	EndGlobalSection
	GlobalSection(ExtensibilityGlobals) = postSolution
		SolutionGuid = {28315BFD-90E7-4E14-A2EA-F3D23AF4126F}
	EndGlobalSection
EndGlobal
